
Microsoft Visual Studio Solution File, Format Version 12.00
# Visual Studio Version 17
VisualStudioVersion = 17.11.35312.102
MinimumVisualStudioVersion = 10.0.40219.1
Project("{F184B08F-C81C-45F6-A57F-5ABD9991F28F}") = "final project test", "final project test\final project test.vbproj", "{81E665CA-E9A0-4FFF-87B1-6CB1055DDE34}"
EndProject
Global
	GlobalSection(SolutionConfigurationPlatforms) = preSolution
		Debug|Any CPU = Debug|Any CPU
		Release|Any CPU = Release|Any CPU
	EndGlobalSection
	GlobalSection(ProjectConfigurationPlatforms) = postSolution
		{81E665CA-E9A0-4FFF-87B1-6CB1055DDE34}.Debug|Any CPU.ActiveCfg = Debug|Any CPU
		{81E665CA-E9A0-4FFF-87B1-6CB1055DDE34}.Debug|Any CPU.Build.0 = Debug|Any CPU
		{81E665CA-E9A0-4FFF-87B1-6CB1055DDE34}.Release|Any CPU.ActiveCfg = Release|Any CPU
		{81E665CA-E9A0-4FFF-87B1-6CB1055DDE34}.Release|Any CPU.Build.0 = Release|Any CPU
	EndGlobalSection
	GlobalSection(SolutionProperties) = preSolution
		HideSolutionNode = FALSE
	EndGlobalSection
	GlobalSection(ExtensibilityGlobals) = postSolution
		SolutionGuid = {6CCF0016-F421-4A97-B7EE-1A1ED23BDDAE}
	EndGlobalSection
EndGlobal
